
Microsoft Visual Studio Solution File, Format Version 12.00
# Visual Studio Version 17
VisualStudioVersion = 17.0.31912.275
MinimumVisualStudioVersion = 10.0.40219.1
Project("{8BC9CEB8-8B4A-11D0-8D11-00A0C91BC942}") = "MaximumSubArray(cube)", "MaximumSubArray\MaximumSubArray.vcxproj", "{C9A048C9-85BE-4B3C-A74E-711B5FBE6D75}"
EndProject
Project("{8BC9CEB8-8B4A-11D0-8D11-00A0C91BC942}") = "MaximumSubArray(square)", "MaximumSubArray(square)\MaximumSubArray(square).vcxproj", "{8DEADFFC-8CF7-4C13-B18B-75090E3AF211}"
EndProject
Project("{8BC9CEB8-8B4A-11D0-8D11-00A0C91BC942}") = "MaximumSubArray(DivideAndConquer)(nlogn)", "MaximumSubArray(DivideAndConquer)\MaximumSubArray(DivideAndConquer).vcxproj", "{A2993095-8A82-40B8-8D20-0B820A125588}"
EndProject
Project("{8BC9CEB8-8B4A-11D0-8D11-00A0C91BC942}") = "MaximumSubArray(Kadane)(n)", "MaximumSubArray(Kadane)(n)\MaximumSubArray(Kadane)(n).vcxproj", "{2C983B25-CEE3-4D85-8108-4649E17FFBD9}"
EndProject
Global
	GlobalSection(SolutionConfigurationPlatforms) = preSolution
		Debug|x64 = Debug|x64
		Debug|x86 = Debug|x86
		Release|x64 = Release|x64
		Release|x86 = Release|x86
	EndGlobalSection
	GlobalSection(ProjectConfigurationPlatforms) = postSolution
		{C9A048C9-85BE-4B3C-A74E-711B5FBE6D75}.Debug|x64.ActiveCfg = Debug|x64
		{C9A048C9-85BE-4B3C-A74E-711B5FBE6D75}.Debug|x64.Build.0 = Debug|x64
		{C9A048C9-85BE-4B3C-A74E-711B5FBE6D75}.Debug|x86.ActiveCfg = Debug|Win32
		{C9A048C9-85BE-4B3C-A74E-711B5FBE6D75}.Debug|x86.Build.0 = Debug|Win32
		{C9A048C9-85BE-4B3C-A74E-711B5FBE6D75}.Release|x64.ActiveCfg = Release|x64
		{C9A048C9-85BE-4B3C-A74E-711B5FBE6D75}.Release|x64.Build.0 = Release|x64
		{C9A048C9-85BE-4B3C-A74E-711B5FBE6D75}.Release|x86.ActiveCfg = Release|Win32
		{C9A048C9-85BE-4B3C-A74E-711B5FBE6D75}.Release|x86.Build.0 = Release|Win32
		{8DEADFFC-8CF7-4C13-B18B-75090E3AF211}.Debug|x64.ActiveCfg = Debug|x64
		{8DEADFFC-8CF7-4C13-B18B-75090E3AF211}.Debug|x64.Build.0 = Debug|x64
		{8DEADFFC-8CF7-4C13-B18B-75090E3AF211}.Debug|x86.ActiveCfg = Debug|Win32
		{8DEADFFC-8CF7-4C13-B18B-75090E3AF211}.Debug|x86.Build.0 = Debug|Win32
		{8DEADFFC-8CF7-4C13-B18B-75090E3AF211}.Release|x64.ActiveCfg = Release|x64
		{8DEADFFC-8CF7-4C13-B18B-75090E3AF211}.Release|x64.Build.0 = Release|x64
		{8DEADFFC-8CF7-4C13-B18B-75090E3AF211}.Release|x86.ActiveCfg = Release|Win32
		{8DEADFFC-8CF7-4C13-B18B-75090E3AF211}.Release|x86.Build.0 = Release|Win32
		{A2993095-8A82-40B8-8D20-0B820A125588}.Debug|x64.ActiveCfg = Debug|x64
		{A2993095-8A82-40B8-8D20-0B820A125588}.Debug|x64.Build.0 = Debug|x64
		{A2993095-8A82-40B8-8D20-0B820A125588}.Debug|x86.ActiveCfg = Debug|Win32
		{A2993095-8A82-40B8-8D20-0B820A125588}.Debug|x86.Build.0 = Debug|Win32
		{A2993095-8A82-40B8-8D20-0B820A125588}.Release|x64.ActiveCfg = Release|x64
		{A2993095-8A82-40B8-8D20-0B820A125588}.Release|x64.Build.0 = Release|x64
		{A2993095-8A82-40B8-8D20-0B820A125588}.Release|x86.ActiveCfg = Release|Win32
		{A2993095-8A82-40B8-8D20-0B820A125588}.Release|x86.Build.0 = Release|Win32
		{2C983B25-CEE3-4D85-8108-4649E17FFBD9}.Debug|x64.ActiveCfg = Debug|x64
		{2C983B25-CEE3-4D85-8108-4649E17FFBD9}.Debug|x64.Build.0 = Debug|x64
		{2C983B25-CEE3-4D85-8108-4649E17FFBD9}.Debug|x86.ActiveCfg = Debug|Win32
		{2C983B25-CEE3-4D85-8108-4649E17FFBD9}.Debug|x86.Build.0 = Debug|Win32
		{2C983B25-CEE3-4D85-8108-4649E17FFBD9}.Release|x64.ActiveCfg = Release|x64
		{2C983B25-CEE3-4D85-8108-4649E17FFBD9}.Release|x64.Build.0 = Release|x64
		{2C983B25-CEE3-4D85-8108-4649E17FFBD9}.Release|x86.ActiveCfg = Release|Win32
		{2C983B25-CEE3-4D85-8108-4649E17FFBD9}.Release|x86.Build.0 = Release|Win32
	EndGlobalSection
	GlobalSection(SolutionProperties) = preSolution
		HideSolutionNode = FALSE
	EndGlobalSection
	GlobalSection(ExtensibilityGlobals) = postSolution
		SolutionGuid = {0B03A7F4-E09A-4155-A723-E49338457F93}
	EndGlobalSection
EndGlobal
